
Microsoft Visual Studio Solution File, Format Version 12.00
# Visual Studio Version 16
VisualStudioVersion = 16.0.30330.147
MinimumVisualStudioVersion = 10.0.40219.1
Project("{FAE04EC0-301F-11D3-BF4B-00C04F79EFBC}") = "LB7", "LB7\LB7.csproj", "{FC9541E8-A242-4BB5-AAA6-946857EDA7B8}"
EndProject
Global
	GlobalSection(SolutionConfigurationPlatforms) = preSolution
		Debug|Any CPU = Debug|Any CPU
		Release|Any CPU = Release|Any CPU
	EndGlobalSection
	GlobalSection(ProjectConfigurationPlatforms) = postSolution
		{FC9541E8-A242-4BB5-AAA6-946857EDA7B8}.Debug|Any CPU.ActiveCfg = Debug|Any CPU
		{FC9541E8-A242-4BB5-AAA6-946857EDA7B8}.Debug|Any CPU.Build.0 = Debug|Any CPU
		{FC9541E8-A242-4BB5-AAA6-946857EDA7B8}.Release|Any CPU.ActiveCfg = Release|Any CPU
		{FC9541E8-A242-4BB5-AAA6-946857EDA7B8}.Release|Any CPU.Build.0 = Release|Any CPU
	EndGlobalSection
	GlobalSection(SolutionProperties) = preSolution
		HideSolutionNode = FALSE
	EndGlobalSection
	GlobalSection(ExtensibilityGlobals) = postSolution
		SolutionGuid = {2D9B689D-F1CD-4EC6-8628-E6F311C3F324}
	EndGlobalSection
EndGlobal
